
Microsoft Visual Studio Solution File, Format Version 12.00
# Visual Studio Version 17
VisualStudioVersion = 17.0.31912.275
MinimumVisualStudioVersion = 10.0.40219.1
Project("{888888A0-9F3D-457C-B088-3A5042F75D52}") = "tartaruga com for", "tartaruga com for.pyproj", "{F8F2B396-AD13-43B1-B76E-AEBA20D29D1D}"
EndProject
Global
	GlobalSection(SolutionConfigurationPlatforms) = preSolution
		Debug|Any CPU = Debug|Any CPU
		Release|Any CPU = Release|Any CPU
	EndGlobalSection
	GlobalSection(ProjectConfigurationPlatforms) = postSolution
		{F8F2B396-AD13-43B1-B76E-AEBA20D29D1D}.Debug|Any CPU.ActiveCfg = Debug|Any CPU
		{F8F2B396-AD13-43B1-B76E-AEBA20D29D1D}.Release|Any CPU.ActiveCfg = Release|Any CPU
	EndGlobalSection
	GlobalSection(SolutionProperties) = preSolution
		HideSolutionNode = FALSE
	EndGlobalSection
	GlobalSection(ExtensibilityGlobals) = postSolution
		SolutionGuid = {7AA70714-47FB-462F-AC90-EF21E168BB3E}
	EndGlobalSection
EndGlobal
